
Microsoft Visual Studio Solution File, Format Version 12.00
# Visual Studio Version 17
VisualStudioVersion = 17.5.33414.496
MinimumVisualStudioVersion = 10.0.40219.1
Project("{FAE04EC0-301F-11D3-BF4B-00C04F79EFBC}") = "WardEscape", "WardEscape\WardEscape.csproj", "{0B80086F-9F66-46B7-A81B-F0820A6D3CC3}"
EndProject
Global
	GlobalSection(SolutionConfigurationPlatforms) = preSolution
		Debug|Any CPU = Debug|Any CPU
		Release|Any CPU = Release|Any CPU
	EndGlobalSection
	GlobalSection(ProjectConfigurationPlatforms) = postSolution
		{0B80086F-9F66-46B7-A81B-F0820A6D3CC3}.Debug|Any CPU.ActiveCfg = Debug|Any CPU
		{0B80086F-9F66-46B7-A81B-F0820A6D3CC3}.Debug|Any CPU.Build.0 = Debug|Any CPU
		{0B80086F-9F66-46B7-A81B-F0820A6D3CC3}.Release|Any CPU.ActiveCfg = Release|Any CPU
		{0B80086F-9F66-46B7-A81B-F0820A6D3CC3}.Release|Any CPU.Build.0 = Release|Any CPU
	EndGlobalSection
	GlobalSection(SolutionProperties) = preSolution
		HideSolutionNode = FALSE
	EndGlobalSection
	GlobalSection(ExtensibilityGlobals) = postSolution
		SolutionGuid = {57604270-6F7B-44FD-B8AD-D7D8ADC06730}
	EndGlobalSection
EndGlobal
